// !$*UTF8*$!
{
	archiveVersion = 1;
	classes = {
	};
	objectVersion = 46;
	objects = {

/* Begin PBXBuildFile section */
		26EE5E28157D71A300FF90DB /* UIKit.framework in Frameworks */ = {isa = PBXBuildFile; fileRef = 26EE5E27157D71A300FF90DB /* UIKit.framework */; };
		26EE5E2A157D71A300FF90DB /* Foundation.framework in Frameworks */ = {isa = PBXBuildFile; fileRef = 26EE5E29157D71A300FF90DB /* Foundation.framework */; };
		26EE5E2C157D71A300FF90DB /* CoreGraphics.framework in Frameworks */ = {isa = PBXBuildFile; fileRef = 26EE5E2B157D71A300FF90DB /* CoreGraphics.framework */; };
		26EE5E32157D71A300FF90DB /* InfoPlist.strings in Resources */ = {isa = PBXBuildFile; fileRef = 26EE5E30157D71A300FF90DB /* InfoPlist.strings */; };
		26EE5E34157D71A300FF90DB /* main.m in Sources */ = {isa = PBXBuildFile; fileRef = 26EE5E33157D71A300FF90DB /* main.m */; };
		26EE5E38157D71A300FF90DB /* SEAppDelegate.m in Sources */ = {isa = PBXBuildFile; fileRef = 26EE5E37157D71A300FF90DB /* SEAppDelegate.m */; };
		26EE5E45157D722B00FF90DB /* SEQuestion.m in Sources */ = {isa = PBXBuildFile; fileRef = 26EE5E44157D722B00FF90DB /* SEQuestion.m */; };
		26EE5E48157D72DF00FF90DB /* SECloudDataSource.m in Sources */ = {isa = PBXBuildFile; fileRef = 26EE5E47157D72DF00FF90DB /* SECloudDataSource.m */; };
		26EE5E56157D7AE500FF90DB /* SEQuestionsViewController.m in Sources */ = {isa = PBXBuildFile; fileRef = 26EE5E55157D7AE500FF90DB /* SEQuestionsViewController.m */; };
		26EE5EBD157DA6AB00FF90DB /* AFHTTPClient.m in Sources */ = {isa = PBXBuildFile; fileRef = 26EE5EA9157DA6AB00FF90DB /* AFHTTPClient.m */; };
		26EE5EBE157DA6AB00FF90DB /* AFHTTPRequestOperation.m in Sources */ = {isa = PBXBuildFile; fileRef = 26EE5EAB157DA6AB00FF90DB /* AFHTTPRequestOperation.m */; };
		26EE5EBF157DA6AB00FF90DB /* AFImageRequestOperation.m in Sources */ = {isa = PBXBuildFile; fileRef = 26EE5EAD157DA6AB00FF90DB /* AFImageRequestOperation.m */; };
		26EE5EC0157DA6AB00FF90DB /* AFJSONRequestOperation.m in Sources */ = {isa = PBXBuildFile; fileRef = 26EE5EAF157DA6AB00FF90DB /* AFJSONRequestOperation.m */; };
		26EE5EC1157DA6AB00FF90DB /* AFJSONUtilities.m in Sources */ = {isa = PBXBuildFile; fileRef = 26EE5EB1157DA6AB00FF90DB /* AFJSONUtilities.m */; };
		26EE5EC2157DA6AB00FF90DB /* AFNetworkActivityIndicatorManager.m in Sources */ = {isa = PBXBuildFile; fileRef = 26EE5EB3157DA6AB00FF90DB /* AFNetworkActivityIndicatorManager.m */; };
		26EE5EC3157DA6AB00FF90DB /* AFPropertyListRequestOperation.m in Sources */ = {isa = PBXBuildFile; fileRef = 26EE5EB6157DA6AB00FF90DB /* AFPropertyListRequestOperation.m */; };
		26EE5EC4157DA6AB00FF90DB /* AFURLConnectionOperation.m in Sources */ = {isa = PBXBuildFile; fileRef = 26EE5EB8157DA6AB00FF90DB /* AFURLConnectionOperation.m */; };
		26EE5EC5157DA6AB00FF90DB /* AFXMLRequestOperation.m in Sources */ = {isa = PBXBuildFile; fileRef = 26EE5EBA157DA6AB00FF90DB /* AFXMLRequestOperation.m */; };
		26EE5EC6157DA6AB00FF90DB /* UIImageView+AFNetworking.m in Sources */ = {isa = PBXBuildFile; fileRef = 26EE5EBC157DA6AB00FF90DB /* UIImageView+AFNetworking.m */; };
/* End PBXBuildFile section */

/* Begin PBXFileReference section */
		26EE5E23157D71A300FF90DB /* MRStackExample.app */ = {isa = PBXFileReference; explicitFileType = wrapper.application; includeInIndex = 0; path = MRStackExample.app; sourceTree = BUILT_PRODUCTS_DIR; };
		26EE5E27157D71A300FF90DB /* UIKit.framework */ = {isa = PBXFileReference; lastKnownFileType = wrapper.framework; name = UIKit.framework; path = System/Library/Frameworks/UIKit.framework; sourceTree = SDKROOT; };
		26EE5E29157D71A300FF90DB /* Foundation.framework */ = {isa = PBXFileReference; lastKnownFileType = wrapper.framework; name = Foundation.framework; path = System/Library/Frameworks/Foundation.framework; sourceTree = SDKROOT; };
		26EE5E2B157D71A300FF90DB /* CoreGraphics.framework */ = {isa = PBXFileReference; lastKnownFileType = wrapper.framework; name = CoreGraphics.framework; path = System/Library/Frameworks/CoreGraphics.framework; sourceTree = SDKROOT; };
		26EE5E2F157D71A300FF90DB /* MRStackExample-Info.plist */ = {isa = PBXFileReference; lastKnownFileType = text.plist.xml; path = "MRStackExample-Info.plist"; sourceTree = "<group>"; };
		26EE5E31157D71A300FF90DB /* en */ = {isa = PBXFileReference; lastKnownFileType = text.plist.strings; name = en; path = en.lproj/InfoPlist.strings; sourceTree = "<group>"; };
		26EE5E33157D71A300FF90DB /* main.m */ = {isa = PBXFileReference; lastKnownFileType = sourcecode.c.objc; path = main.m; sourceTree = "<group>"; };
		26EE5E35157D71A300FF90DB /* MRStackExample-Prefix.pch */ = {isa = PBXFileReference; lastKnownFileType = sourcecode.c.h; path = "MRStackExample-Prefix.pch"; sourceTree = "<group>"; };
		26EE5E36157D71A300FF90DB /* SEAppDelegate.h */ = {isa = PBXFileReference; lastKnownFileType = sourcecode.c.h; path = SEAppDelegate.h; sourceTree = "<group>"; };
		26EE5E37157D71A300FF90DB /* SEAppDelegate.m */ = {isa = PBXFileReference; lastKnownFileType = sourcecode.c.objc; path = SEAppDelegate.m; sourceTree = "<group>"; };
		26EE5E43157D722B00FF90DB /* SEQuestion.h */ = {isa = PBXFileReference; fileEncoding = 4; lastKnownFileType = sourcecode.c.h; path = SEQuestion.h; sourceTree = "<group>"; };
		26EE5E44157D722B00FF90DB /* SEQuestion.m */ = {isa = PBXFileReference; fileEncoding = 4; lastKnownFileType = sourcecode.c.objc; path = SEQuestion.m; sourceTree = "<group>"; };
		26EE5E46157D72DF00FF90DB /* SECloudDataSource.h */ = {isa = PBXFileReference; fileEncoding = 4; lastKnownFileType = sourcecode.c.h; path = SECloudDataSource.h; sourceTree = "<group>"; };
		26EE5E47157D72DF00FF90DB /* SECloudDataSource.m */ = {isa = PBXFileReference; fileEncoding = 4; lastKnownFileType = sourcecode.c.objc; path = SECloudDataSource.m; sourceTree = "<group>"; };
		26EE5E53157D7A5C00FF90DB /* SEDataConsumer.h */ = {isa = PBXFileReference; lastKnownFileType = sourcecode.c.h; path = SEDataConsumer.h; sourceTree = "<group>"; };
		26EE5E54157D7AE500FF90DB /* SEQuestionsViewController.h */ = {isa = PBXFileReference; fileEncoding = 4; lastKnownFileType = sourcecode.c.h; path = SEQuestionsViewController.h; sourceTree = "<group>"; };
		26EE5E55157D7AE500FF90DB /* SEQuestionsViewController.m */ = {isa = PBXFileReference; fileEncoding = 4; lastKnownFileType = sourcecode.c.objc; path = SEQuestionsViewController.m; sourceTree = "<group>"; };
		26EE5E9E157D87B700FF90DB /* SEConstants.h */ = {isa = PBXFileReference; lastKnownFileType = sourcecode.c.h; path = SEConstants.h; sourceTree = "<group>"; };
		26EE5EA8157DA6AB00FF90DB /* AFHTTPClient.h */ = {isa = PBXFileReference; fileEncoding = 4; lastKnownFileType = sourcecode.c.h; path = AFHTTPClient.h; sourceTree = "<group>"; };
		26EE5EA9157DA6AB00FF90DB /* AFHTTPClient.m */ = {isa = PBXFileReference; fileEncoding = 4; lastKnownFileType = sourcecode.c.objc; path = AFHTTPClient.m; sourceTree = "<group>"; };
		26EE5EAA157DA6AB00FF90DB /* AFHTTPRequestOperation.h */ = {isa = PBXFileReference; fileEncoding = 4; lastKnownFileType = sourcecode.c.h; path = AFHTTPRequestOperation.h; sourceTree = "<group>"; };
		26EE5EAB157DA6AB00FF90DB /* AFHTTPRequestOperation.m */ = {isa = PBXFileReference; fileEncoding = 4; lastKnownFileType = sourcecode.c.objc; path = AFHTTPRequestOperation.m; sourceTree = "<group>"; };
		26EE5EAC157DA6AB00FF90DB /* AFImageRequestOperation.h */ = {isa = PBXFileReference; fileEncoding = 4; lastKnownFileType = sourcecode.c.h; path = AFImageRequestOperation.h; sourceTree = "<group>"; };
		26EE5EAD157DA6AB00FF90DB /* AFImageRequestOperation.m */ = {isa = PBXFileReference; fileEncoding = 4; lastKnownFileType = sourcecode.c.objc; path = AFImageRequestOperation.m; sourceTree = "<group>"; };
		26EE5EAE157DA6AB00FF90DB /* AFJSONRequestOperation.h */ = {isa = PBXFileReference; fileEncoding = 4; lastKnownFileType = sourcecode.c.h; path = AFJSONRequestOperation.h; sourceTree = "<group>"; };
		26EE5EAF157DA6AB00FF90DB /* AFJSONRequestOperation.m */ = {isa = PBXFileReference; fileEncoding = 4; lastKnownFileType = sourcecode.c.objc; path = AFJSONRequestOperation.m; sourceTree = "<group>"; };
		26EE5EB0157DA6AB00FF90DB /* AFJSONUtilities.h */ = {isa = PBXFileReference; fileEncoding = 4; lastKnownFileType = sourcecode.c.h; path = AFJSONUtilities.h; sourceTree = "<group>"; };
		26EE5EB1157DA6AB00FF90DB /* AFJSONUtilities.m */ = {isa = PBXFileReference; fileEncoding = 4; lastKnownFileType = sourcecode.c.objc; path = AFJSONUtilities.m; sourceTree = "<group>"; };
		26EE5EB2157DA6AB00FF90DB /* AFNetworkActivityIndicatorManager.h */ = {isa = PBXFileReference; fileEncoding = 4; lastKnownFileType = sourcecode.c.h; path = AFNetworkActivityIndicatorManager.h; sourceTree = "<group>"; };
		26EE5EB3157DA6AB00FF90DB /* AFNetworkActivityIndicatorManager.m */ = {isa = PBXFileReference; fileEncoding = 4; lastKnownFileType = sourcecode.c.objc; path = AFNetworkActivityIndicatorManager.m; sourceTree = "<group>"; };
		26EE5EB4157DA6AB00FF90DB /* AFNetworking.h */ = {isa = PBXFileReference; fileEncoding = 4; lastKnownFileType = sourcecode.c.h; path = AFNetworking.h; sourceTree = "<group>"; };
		26EE5EB5157DA6AB00FF90DB /* AFPropertyListRequestOperation.h */ = {isa = PBXFileReference; fileEncoding = 4; lastKnownFileType = sourcecode.c.h; path = AFPropertyListRequestOperation.h; sourceTree = "<group>"; };
		26EE5EB6157DA6AB00FF90DB /* AFPropertyListRequestOperation.m */ = {isa = PBXFileReference; fileEncoding = 4; lastKnownFileType = sourcecode.c.objc; path = AFPropertyListRequestOperation.m; sourceTree = "<group>"; };
		26EE5EB7157DA6AB00FF90DB /* AFURLConnectionOperation.h */ = {isa = PBXFileReference; fileEncoding = 4; lastKnownFileType = sourcecode.c.h; path = AFURLConnectionOperation.h; sourceTree = "<group>"; };
		26EE5EB8157DA6AB00FF90DB /* AFURLConnectionOperation.m */ = {isa = PBXFileReference; fileEncoding = 4; lastKnownFileType = sourcecode.c.objc; path = AFURLConnectionOperation.m; sourceTree = "<group>"; };
		26EE5EB9157DA6AB00FF90DB /* AFXMLRequestOperation.h */ = {isa = PBXFileReference; fileEncoding = 4; lastKnownFileType = sourcecode.c.h; path = AFXMLRequestOperation.h; sourceTree = "<group>"; };
		26EE5EBA157DA6AB00FF90DB /* AFXMLRequestOperation.m */ = {isa = PBXFileReference; fileEncoding = 4; lastKnownFileType = sourcecode.c.objc; path = AFXMLRequestOperation.m; sourceTree = "<group>"; };
		26EE5EBB157DA6AB00FF90DB /* UIImageView+AFNetworking.h */ = {isa = PBXFileReference; fileEncoding = 4; lastKnownFileType = sourcecode.c.h; path = "UIImageView+AFNetworking.h"; sourceTree = "<group>"; };
		26EE5EBC157DA6AB00FF90DB /* UIImageView+AFNetworking.m */ = {isa = PBXFileReference; fileEncoding = 4; lastKnownFileType = sourcecode.c.objc; path = "UIImageView+AFNetworking.m"; sourceTree = "<group>"; };
/* End PBXFileReference section */

/* Begin PBXFrameworksBuildPhase section */
		26EE5E20157D71A200FF90DB /* Frameworks */ = {
			isa = PBXFrameworksBuildPhase;
			buildActionMask = 2147483647;
			files = (
				26EE5E28157D71A300FF90DB /* UIKit.framework in Frameworks */,
				26EE5E2A157D71A300FF90DB /* Foundation.framework in Frameworks */,
				26EE5E2C157D71A300FF90DB /* CoreGraphics.framework in Frameworks */,
			);
			runOnlyForDeploymentPostprocessing = 0;
		};
/* End PBXFrameworksBuildPhase section */

/* Begin PBXGroup section */
		26EE5E18157D71A200FF90DB = {
			isa = PBXGroup;
			children = (
				26EE5E2D157D71A300FF90DB /* MRStackExample */,
				26EE5E26157D71A300FF90DB /* Frameworks */,
				26EE5E24157D71A300FF90DB /* Products */,
			);
			sourceTree = "<group>";
		};
		26EE5E24157D71A300FF90DB /* Products */ = {
			isa = PBXGroup;
			children = (
				26EE5E23157D71A300FF90DB /* MRStackExample.app */,
			);
			name = Products;
			sourceTree = "<group>";
		};
		26EE5E26157D71A300FF90DB /* Frameworks */ = {
			isa = PBXGroup;
			children = (
				26EE5E27157D71A300FF90DB /* UIKit.framework */,
				26EE5E29157D71A300FF90DB /* Foundation.framework */,
				26EE5E2B157D71A300FF90DB /* CoreGraphics.framework */,
			);
			name = Frameworks;
			sourceTree = "<group>";
		};
		26EE5E2D157D71A300FF90DB /* MRStackExample */ = {
			isa = PBXGroup;
			children = (
				26EE5E4E157D738F00FF90DB /* Vendor */,
				26EE5E4A157D732500FF90DB /* Models */,
				26EE5E49157D731C00FF90DB /* API Layer */,
				26EE5E36157D71A300FF90DB /* SEAppDelegate.h */,
				26EE5E37157D71A300FF90DB /* SEAppDelegate.m */,
				26EE5E54157D7AE500FF90DB /* SEQuestionsViewController.h */,
				26EE5E55157D7AE500FF90DB /* SEQuestionsViewController.m */,
				26EE5E2E157D71A300FF90DB /* Supporting Files */,
				26EE5E9E157D87B700FF90DB /* SEConstants.h */,
			);
			path = MRStackExample;
			sourceTree = "<group>";
		};
		26EE5E2E157D71A300FF90DB /* Supporting Files */ = {
			isa = PBXGroup;
			children = (
				26EE5E2F157D71A300FF90DB /* MRStackExample-Info.plist */,
				26EE5E30157D71A300FF90DB /* InfoPlist.strings */,
				26EE5E33157D71A300FF90DB /* main.m */,
				26EE5E35157D71A300FF90DB /* MRStackExample-Prefix.pch */,
			);
			name = "Supporting Files";
			sourceTree = "<group>";
		};
		26EE5E49157D731C00FF90DB /* API Layer */ = {
			isa = PBXGroup;
			children = (
				26EE5E53157D7A5C00FF90DB /* SEDataConsumer.h */,
				26EE5E46157D72DF00FF90DB /* SECloudDataSource.h */,
				26EE5E47157D72DF00FF90DB /* SECloudDataSource.m */,
			);
			name = "API Layer";
			sourceTree = "<group>";
		};
		26EE5E4A157D732500FF90DB /* Models */ = {
			isa = PBXGroup;
			children = (
				26EE5E43157D722B00FF90DB /* SEQuestion.h */,
				26EE5E44157D722B00FF90DB /* SEQuestion.m */,
			);
			name = Models;
			sourceTree = "<group>";
		};
		26EE5E4E157D738F00FF90DB /* Vendor */ = {
			isa = PBXGroup;
			children = (
				26EE5EA7157DA6AB00FF90DB /* AFNetworking */,
			);
			name = Vendor;
			sourceTree = "<group>";
		};
		26EE5EA7157DA6AB00FF90DB /* AFNetworking */ = {
			isa = PBXGroup;
			children = (
				26EE5EA8157DA6AB00FF90DB /* AFHTTPClient.h */,
				26EE5EA9157DA6AB00FF90DB /* AFHTTPClient.m */,
				26EE5EAA157DA6AB00FF90DB /* AFHTTPRequestOperation.h */,
				26EE5EAB157DA6AB00FF90DB /* AFHTTPRequestOperation.m */,
				26EE5EAC157DA6AB00FF90DB /* AFImageRequestOperation.h */,
				26EE5EAD157DA6AB00FF90DB /* AFImageRequestOperation.m */,
				26EE5EAE157DA6AB00FF90DB /* AFJSONRequestOperation.h */,
				26EE5EAF157DA6AB00FF90DB /* AFJSONRequestOperation.m */,
				26EE5EB0157DA6AB00FF90DB /* AFJSONUtilities.h */,
				26EE5EB1157DA6AB00FF90DB /* AFJSONUtilities.m */,
				26EE5EB2157DA6AB00FF90DB /* AFNetworkActivityIndicatorManager.h */,
				26EE5EB3157DA6AB00FF90DB /* AFNetworkActivityIndicatorManager.m */,
				26EE5EB4157DA6AB00FF90DB /* AFNetworking.h */,
				26EE5EB5157DA6AB00FF90DB /* AFPropertyListRequestOperation.h */,
				26EE5EB6157DA6AB00FF90DB /* AFPropertyListRequestOperation.m */,
				26EE5EB7157DA6AB00FF90DB /* AFURLConnectionOperation.h */,
				26EE5EB8157DA6AB00FF90DB /* AFURLConnectionOperation.m */,
				26EE5EB9157DA6AB00FF90DB /* AFXMLRequestOperation.h */,
				26EE5EBA157DA6AB00FF90DB /* AFXMLRequestOperation.m */,
				26EE5EBB157DA6AB00FF90DB /* UIImageView+AFNetworking.h */,
				26EE5EBC157DA6AB00FF90DB /* UIImageView+AFNetworking.m */,
			);
			path = AFNetworking;
			sourceTree = "<group>";
		};
/* End PBXGroup section */

/* Begin PBXNativeTarget section */
		26EE5E22157D71A200FF90DB /* MRStackExample */ = {
			isa = PBXNativeTarget;
			buildConfigurationList = 26EE5E3B157D71A300FF90DB /* Build configuration list for PBXNativeTarget "MRStackExample" */;
			buildPhases = (
				26EE5E1F157D71A200FF90DB /* Sources */,
				26EE5E20157D71A200FF90DB /* Frameworks */,
				26EE5E21157D71A200FF90DB /* Resources */,
			);
			buildRules = (
			);
			dependencies = (
			);
			name = MRStackExample;
			productName = MRStackExample;
			productReference = 26EE5E23157D71A300FF90DB /* MRStackExample.app */;
			productType = "com.apple.product-type.application";
		};
/* End PBXNativeTarget section */

/* Begin PBXProject section */
		26EE5E1A157D71A200FF90DB /* Project object */ = {
			isa = PBXProject;
			attributes = {
				CLASSPREFIX = SE;
				LastUpgradeCheck = 0430;
				ORGANIZATIONNAME = "Mahipal Raythattha";
			};
			buildConfigurationList = 26EE5E1D157D71A200FF90DB /* Build configuration list for PBXProject "MRStackExample" */;
			compatibilityVersion = "Xcode 3.2";
			developmentRegion = English;
			hasScannedForEncodings = 0;
			knownRegions = (
				en,
			);
			mainGroup = 26EE5E18157D71A200FF90DB;
			productRefGroup = 26EE5E24157D71A300FF90DB /* Products */;
			projectDirPath = "";
			projectRoot = "";
			targets = (
				26EE5E22157D71A200FF90DB /* MRStackExample */,
			);
		};
/* End PBXProject section */

/* Begin PBXResourcesBuildPhase section */
		26EE5E21157D71A200FF90DB /* Resources */ = {
			isa = PBXResourcesBuildPhase;
			buildActionMask = 2147483647;
			files = (
				26EE5E32157D71A300FF90DB /* InfoPlist.strings in Resources */,
			);
			runOnlyForDeploymentPostprocessing = 0;
		};
/* End PBXResourcesBuildPhase section */

/* Begin PBXSourcesBuildPhase section */
		26EE5E1F157D71A200FF90DB /* Sources */ = {
			isa = PBXSourcesBuildPhase;
			buildActionMask = 2147483647;
			files = (
				26EE5E34157D71A300FF90DB /* main.m in Sources */,
				26EE5E38157D71A300FF90DB /* SEAppDelegate.m in Sources */,
				26EE5E45157D722B00FF90DB /* SEQuestion.m in Sources */,
				26EE5E48157D72DF00FF90DB /* SECloudDataSource.m in Sources */,
				26EE5E56157D7AE500FF90DB /* SEQuestionsViewController.m in Sources */,
				26EE5EBD157DA6AB00FF90DB /* AFHTTPClient.m in Sources */,
				26EE5EBE157DA6AB00FF90DB /* AFHTTPRequestOperation.m in Sources */,
				26EE5EBF157DA6AB00FF90DB /* AFImageRequestOperation.m in Sources */,
				26EE5EC0157DA6AB00FF90DB /* AFJSONRequestOperation.m in Sources */,
				26EE5EC1157DA6AB00FF90DB /* AFJSONUtilities.m in Sources */,
				26EE5EC2157DA6AB00FF90DB /* AFNetworkActivityIndicatorManager.m in Sources */,
				26EE5EC3157DA6AB00FF90DB /* AFPropertyListRequestOperation.m in Sources */,
				26EE5EC4157DA6AB00FF90DB /* AFURLConnectionOperation.m in Sources */,
				26EE5EC5157DA6AB00FF90DB /* AFXMLRequestOperation.m in Sources */,
				26EE5EC6157DA6AB00FF90DB /* UIImageView+AFNetworking.m in Sources */,
			);
			runOnlyForDeploymentPostprocessing = 0;
		};
/* End PBXSourcesBuildPhase section */

/* Begin PBXVariantGroup section */
		26EE5E30157D71A300FF90DB /* InfoPlist.strings */ = {
			isa = PBXVariantGroup;
			children = (
				26EE5E31157D71A300FF90DB /* en */,
			);
			name = InfoPlist.strings;
			sourceTree = "<group>";
		};
/* End PBXVariantGroup section */

/* Begin XCBuildConfiguration section */
		26EE5E39157D71A300FF90DB /* Debug */ = {
			isa = XCBuildConfiguration;
			buildSettings = {
				ALWAYS_SEARCH_USER_PATHS = NO;
				ARCHS = "$(ARCHS_STANDARD_32_BIT)";
				"CODE_SIGN_IDENTITY[sdk=iphoneos*]" = "iPhone Developer";
				COPY_PHASE_STRIP = NO;
				GCC_C_LANGUAGE_STANDARD = gnu99;
				GCC_DYNAMIC_NO_PIC = NO;
				GCC_OPTIMIZATION_LEVEL = 0;
				GCC_PREPROCESSOR_DEFINITIONS = (
					"DEBUG=1",
					"$(inherited)",
				);
				GCC_SYMBOLS_PRIVATE_EXTERN = NO;
				GCC_VERSION = com.apple.compilers.llvm.clang.1_0;
				GCC_WARN_ABOUT_RETURN_TYPE = YES;
				GCC_WARN_UNINITIALIZED_AUTOS = YES;
				GCC_WARN_UNUSED_VARIABLE = YES;
				IPHONEOS_DEPLOYMENT_TARGET = 5.1;
				SDKROOT = iphoneos;
			};
			name = Debug;
		};
		26EE5E3A157D71A300FF90DB /* Release */ = {
			isa = XCBuildConfiguration;
			buildSettings = {
				ALWAYS_SEARCH_USER_PATHS = NO;
				ARCHS = "$(ARCHS_STANDARD_32_BIT)";
				"CODE_SIGN_IDENTITY[sdk=iphoneos*]" = "iPhone Developer";
				COPY_PHASE_STRIP = YES;
				GCC_C_LANGUAGE_STANDARD = gnu99;
				GCC_VERSION = com.apple.compilers.llvm.clang.1_0;
				GCC_WARN_ABOUT_RETURN_TYPE = YES;
				GCC_WARN_UNINITIALIZED_AUTOS = YES;
				GCC_WARN_UNUSED_VARIABLE = YES;
				IPHONEOS_DEPLOYMENT_TARGET = 5.1;
				OTHER_CFLAGS = "-DNS_BLOCK_ASSERTIONS=1";
				SDKROOT = iphoneos;
				VALIDATE_PRODUCT = YES;
			};
			name = Release;
		};
		26EE5E3C157D71A300FF90DB /* Debug */ = {
			isa = XCBuildConfiguration;
			buildSettings = {
				GCC_PRECOMPILE_PREFIX_HEADER = YES;
				GCC_PREFIX_HEADER = "MRStackExample/MRStackExample-Prefix.pch";
				INFOPLIST_FILE = "MRStackExample/MRStackExample-Info.plist";
				OTHER_CFLAGS = "-DMRDEBUG";
				PRODUCT_NAME = "$(TARGET_NAME)";
				WRAPPER_EXTENSION = app;
			};
			name = Debug;
		};
		26EE5E3D157D71A300FF90DB /* Release */ = {
			isa = XCBuildConfiguration;
			buildSettings = {
				GCC_PRECOMPILE_PREFIX_HEADER = YES;
				GCC_PREFIX_HEADER = "MRStackExample/MRStackExample-Prefix.pch";
				INFOPLIST_FILE = "MRStackExample/MRStackExample-Info.plist";
				PRODUCT_NAME = "$(TARGET_NAME)";
				WRAPPER_EXTENSION = app;
			};
			name = Release;
		};
/* End XCBuildConfiguration section */

/* Begin XCConfigurationList section */
		26EE5E1D157D71A200FF90DB /* Build configuration list for PBXProject "MRStackExample" */ = {
			isa = XCConfigurationList;
			buildConfigurations = (
				26EE5E39157D71A300FF90DB /* Debug */,
				26EE5E3A157D71A300FF90DB /* Release */,
			);
			defaultConfigurationIsVisible = 0;
			defaultConfigurationName = Release;
		};
		26EE5E3B157D71A300FF90DB /* Build configuration list for PBXNativeTarget "MRStackExample" */ = {
			isa = XCConfigurationList;
			buildConfigurations = (
				26EE5E3C157D71A300FF90DB /* Debug */,
				26EE5E3D157D71A300FF90DB /* Release */,
			);
			defaultConfigurationIsVisible = 0;
			defaultConfigurationName = Release;
		};
/* End XCConfigurationList section */
	};
	rootObject = 26EE5E1A157D71A200FF90DB /* Project object */;
}
